
Microsoft Visual Studio Solution File, Format Version 12.00
# Visual Studio Version 17
VisualStudioVersion = 17.14.36414.22 d17.14
MinimumVisualStudioVersion = 10.0.40219.1
Project("{FAE04EC0-301F-11D3-BF4B-00C04F79EFBC}") = "Programm6Assignment2", "Programm6Assignment2\Programm6Assignment2.csproj", "{F80268AA-FF3F-4E89-A0C4-04016FF67D3E}"
EndProject
Global
	GlobalSection(SolutionConfigurationPlatforms) = preSolution
		Debug|Any CPU = Debug|Any CPU
		Release|Any CPU = Release|Any CPU
	EndGlobalSection
	GlobalSection(ProjectConfigurationPlatforms) = postSolution
		{F80268AA-FF3F-4E89-A0C4-04016FF67D3E}.Debug|Any CPU.ActiveCfg = Debug|Any CPU
		{F80268AA-FF3F-4E89-A0C4-04016FF67D3E}.Debug|Any CPU.Build.0 = Debug|Any CPU
		{F80268AA-FF3F-4E89-A0C4-04016FF67D3E}.Release|Any CPU.ActiveCfg = Release|Any CPU
		{F80268AA-FF3F-4E89-A0C4-04016FF67D3E}.Release|Any CPU.Build.0 = Release|Any CPU
	EndGlobalSection
	GlobalSection(SolutionProperties) = preSolution
		HideSolutionNode = FALSE
	EndGlobalSection
	GlobalSection(ExtensibilityGlobals) = postSolution
		SolutionGuid = {4207B8D0-0433-4B85-AD8E-8B9BACDD4B60}
	EndGlobalSection
EndGlobal
