
Microsoft Visual Studio Solution File, Format Version 12.00
# Visual Studio Version 17
VisualStudioVersion = 17.14.36414.22 d17.14
MinimumVisualStudioVersion = 10.0.40219.1
Project("{FAE04EC0-301F-11D3-BF4B-00C04F79EFBC}") = "program3", "program3\program3.csproj", "{119ED272-3BB6-4657-8EF3-3767E063836C}"
EndProject
Global
	GlobalSection(SolutionConfigurationPlatforms) = preSolution
		Debug|Any CPU = Debug|Any CPU
		Release|Any CPU = Release|Any CPU
	EndGlobalSection
	GlobalSection(ProjectConfigurationPlatforms) = postSolution
		{119ED272-3BB6-4657-8EF3-3767E063836C}.Debug|Any CPU.ActiveCfg = Debug|Any CPU
		{119ED272-3BB6-4657-8EF3-3767E063836C}.Debug|Any CPU.Build.0 = Debug|Any CPU
		{119ED272-3BB6-4657-8EF3-3767E063836C}.Release|Any CPU.ActiveCfg = Release|Any CPU
		{119ED272-3BB6-4657-8EF3-3767E063836C}.Release|Any CPU.Build.0 = Release|Any CPU
	EndGlobalSection
	GlobalSection(SolutionProperties) = preSolution
		HideSolutionNode = FALSE
	EndGlobalSection
	GlobalSection(ExtensibilityGlobals) = postSolution
		SolutionGuid = {A16B3564-D56D-45C0-841C-C959C58E133A}
	EndGlobalSection
EndGlobal
